
Microsoft Visual Studio Solution File, Format Version 12.00
# Visual Studio Version 16
VisualStudioVersion = 16.0.29806.167
MinimumVisualStudioVersion = 10.0.40219.1
Project("{FAE04EC0-301F-11D3-BF4B-00C04F79EFBC}") = "EmployeeService", "EmployeeService\EmployeeService.csproj", "{071F0377-33E1-4753-A0EF-05708C799741}"
EndProject
Project("{FAE04EC0-301F-11D3-BF4B-00C04F79EFBC}") = "EmployeeMVCApplication", "EmployeeMVCApplication\EmployeeMVCApplication.csproj", "{1E614035-CD25-4022-85D2-F7AD9B20A961}"
	ProjectSection(ProjectDependencies) = postProject
		{071F0377-33E1-4753-A0EF-05708C799741} = {071F0377-33E1-4753-A0EF-05708C799741}
	EndProjectSection
EndProject
Global
	GlobalSection(SolutionConfigurationPlatforms) = preSolution
		Debug|Any CPU = Debug|Any CPU
		Release|Any CPU = Release|Any CPU
	EndGlobalSection
	GlobalSection(ProjectConfigurationPlatforms) = postSolution
		{071F0377-33E1-4753-A0EF-05708C799741}.Debug|Any CPU.ActiveCfg = Debug|Any CPU
		{071F0377-33E1-4753-A0EF-05708C799741}.Debug|Any CPU.Build.0 = Debug|Any CPU
		{071F0377-33E1-4753-A0EF-05708C799741}.Release|Any CPU.ActiveCfg = Release|Any CPU
		{071F0377-33E1-4753-A0EF-05708C799741}.Release|Any CPU.Build.0 = Release|Any CPU
		{1E614035-CD25-4022-85D2-F7AD9B20A961}.Debug|Any CPU.ActiveCfg = Debug|Any CPU
		{1E614035-CD25-4022-85D2-F7AD9B20A961}.Debug|Any CPU.Build.0 = Debug|Any CPU
		{1E614035-CD25-4022-85D2-F7AD9B20A961}.Release|Any CPU.ActiveCfg = Release|Any CPU
		{1E614035-CD25-4022-85D2-F7AD9B20A961}.Release|Any CPU.Build.0 = Release|Any CPU
	EndGlobalSection
	GlobalSection(SolutionProperties) = preSolution
		HideSolutionNode = FALSE
	EndGlobalSection
	GlobalSection(ExtensibilityGlobals) = postSolution
		SolutionGuid = {AC592F28-1C19-4862-919B-B24CA489CCAB}
	EndGlobalSection
EndGlobal
